
Microsoft Visual Studio Solution File, Format Version 12.00
# Visual Studio Version 17
VisualStudioVersion = 17.0.31903.59
MinimumVisualStudioVersion = 10.0.40219.1
Project("{FAE04EC0-301F-11D3-BF4B-00C04F79EFBC}") = "BogusHost", "BogusHost.csproj", "{9D0D39F8-36DD-4669-9223-AC5CF24ABCC4}"
EndProject
Project("{FAE04EC0-301F-11D3-BF4B-00C04F79EFBC}") = "TheRobot", "..\WebBotFramework\TheRobot\TheRobot.csproj", "{4E48E7F4-4ECF-4779-A715-86B5677D96E5}"
EndProject
Global
	GlobalSection(SolutionConfigurationPlatforms) = preSolution
		Debug|Any CPU = Debug|Any CPU
		Release|Any CPU = Release|Any CPU
	EndGlobalSection
	GlobalSection(SolutionProperties) = preSolution
		HideSolutionNode = FALSE
	EndGlobalSection
	GlobalSection(ProjectConfigurationPlatforms) = postSolution
		{9D0D39F8-36DD-4669-9223-AC5CF24ABCC4}.Debug|Any CPU.ActiveCfg = Debug|Any CPU
		{9D0D39F8-36DD-4669-9223-AC5CF24ABCC4}.Debug|Any CPU.Build.0 = Debug|Any CPU
		{9D0D39F8-36DD-4669-9223-AC5CF24ABCC4}.Release|Any CPU.ActiveCfg = Release|Any CPU
		{9D0D39F8-36DD-4669-9223-AC5CF24ABCC4}.Release|Any CPU.Build.0 = Release|Any CPU
		{4E48E7F4-4ECF-4779-A715-86B5677D96E5}.Debug|Any CPU.ActiveCfg = Debug|Any CPU
		{4E48E7F4-4ECF-4779-A715-86B5677D96E5}.Debug|Any CPU.Build.0 = Debug|Any CPU
		{4E48E7F4-4ECF-4779-A715-86B5677D96E5}.Release|Any CPU.ActiveCfg = Release|Any CPU
		{4E48E7F4-4ECF-4779-A715-86B5677D96E5}.Release|Any CPU.Build.0 = Release|Any CPU
	EndGlobalSection
EndGlobal
